
Microsoft Visual Studio Solution File, Format Version 12.00
# Visual Studio Version 16
VisualStudioVersion = 16.0.30907.101
MinimumVisualStudioVersion = 10.0.40219.1
Project("{FAE04EC0-301F-11D3-BF4B-00C04F79EFBC}") = "App2", "App2.csproj", "{5ECD368D-CC6F-4769-B3DE-CED88E5D8A81}"
EndProject
Global
	GlobalSection(SolutionConfigurationPlatforms) = preSolution
		Debug|Any CPU = Debug|Any CPU
		Release|Any CPU = Release|Any CPU
	EndGlobalSection
	GlobalSection(ProjectConfigurationPlatforms) = postSolution
		{5ECD368D-CC6F-4769-B3DE-CED88E5D8A81}.Debug|Any CPU.ActiveCfg = Debug|Any CPU
		{5ECD368D-CC6F-4769-B3DE-CED88E5D8A81}.Debug|Any CPU.Build.0 = Debug|Any CPU
		{5ECD368D-CC6F-4769-B3DE-CED88E5D8A81}.Release|Any CPU.ActiveCfg = Release|Any CPU
		{5ECD368D-CC6F-4769-B3DE-CED88E5D8A81}.Release|Any CPU.Build.0 = Release|Any CPU
	EndGlobalSection
	GlobalSection(SolutionProperties) = preSolution
		HideSolutionNode = FALSE
	EndGlobalSection
	GlobalSection(ExtensibilityGlobals) = postSolution
		SolutionGuid = {D7C1D04C-7B3D-465D-ADF8-CAA6CF8F0067}
	EndGlobalSection
EndGlobal
